
Microsoft Visual Studio Solution File, Format Version 12.00
# Visual Studio Version 17
VisualStudioVersion = 17.12.35707.178 d17.12
MinimumVisualStudioVersion = 10.0.40219.1
Project("{FAE04EC0-301F-11D3-BF4B-00C04F79EFBC}") = "RSConnect.Api", "RSConnectApi\RSConnect.Api.csproj", "{9A21407B-3C6D-4BC1-B2F9-51917596FFBA}"
EndProject
Project("{FAE04EC0-301F-11D3-BF4B-00C04F79EFBC}") = "RSConnect.Communication", "RSConnect.Communication\RSConnect.Communication.csproj", "{A3A8328E-E145-46FF-9D88-ED13F5A1CA30}"
EndProject
Project("{FAE04EC0-301F-11D3-BF4B-00C04F79EFBC}") = "RSConnect.Exception", "RSConnect.Exception\RSConnect.Exception.csproj", "{0F585439-2BC8-4E05-A28B-61864F9940D1}"
EndProject
Global
	GlobalSection(SolutionConfigurationPlatforms) = preSolution
		Debug|Any CPU = Debug|Any CPU
		Release|Any CPU = Release|Any CPU
	EndGlobalSection
	GlobalSection(ProjectConfigurationPlatforms) = postSolution
		{9A21407B-3C6D-4BC1-B2F9-51917596FFBA}.Debug|Any CPU.ActiveCfg = Debug|Any CPU
		{9A21407B-3C6D-4BC1-B2F9-51917596FFBA}.Debug|Any CPU.Build.0 = Debug|Any CPU
		{9A21407B-3C6D-4BC1-B2F9-51917596FFBA}.Release|Any CPU.ActiveCfg = Release|Any CPU
		{9A21407B-3C6D-4BC1-B2F9-51917596FFBA}.Release|Any CPU.Build.0 = Release|Any CPU
		{A3A8328E-E145-46FF-9D88-ED13F5A1CA30}.Debug|Any CPU.ActiveCfg = Debug|Any CPU
		{A3A8328E-E145-46FF-9D88-ED13F5A1CA30}.Debug|Any CPU.Build.0 = Debug|Any CPU
		{A3A8328E-E145-46FF-9D88-ED13F5A1CA30}.Release|Any CPU.ActiveCfg = Release|Any CPU
		{A3A8328E-E145-46FF-9D88-ED13F5A1CA30}.Release|Any CPU.Build.0 = Release|Any CPU
		{0F585439-2BC8-4E05-A28B-61864F9940D1}.Debug|Any CPU.ActiveCfg = Debug|Any CPU
		{0F585439-2BC8-4E05-A28B-61864F9940D1}.Debug|Any CPU.Build.0 = Debug|Any CPU
		{0F585439-2BC8-4E05-A28B-61864F9940D1}.Release|Any CPU.ActiveCfg = Release|Any CPU
		{0F585439-2BC8-4E05-A28B-61864F9940D1}.Release|Any CPU.Build.0 = Release|Any CPU
	EndGlobalSection
	GlobalSection(SolutionProperties) = preSolution
		HideSolutionNode = FALSE
	EndGlobalSection
EndGlobal
